
Microsoft Visual Studio Solution File, Format Version 12.00
# Visual Studio Version 16
VisualStudioVersion = 16.0.30804.86
MinimumVisualStudioVersion = 10.0.40219.1
Project("{8BC9CEB8-8B4A-11D0-8D11-00A0C91BC942}") = "VirtualLego", "VirtualLego.vcxproj", "{0C2DDE5A-B979-4A63-8935-0958DB2F5803}"
EndProject
Global
	GlobalSection(SolutionConfigurationPlatforms) = preSolution
		Debug|x86 = Debug|x86
		Release|x86 = Release|x86
	EndGlobalSection
	GlobalSection(ProjectConfigurationPlatforms) = postSolution
		{0C2DDE5A-B979-4A63-8935-0958DB2F5803}.Debug|x86.ActiveCfg = Debug|Win32
		{0C2DDE5A-B979-4A63-8935-0958DB2F5803}.Debug|x86.Build.0 = Debug|Win32
		{0C2DDE5A-B979-4A63-8935-0958DB2F5803}.Release|x86.ActiveCfg = Release|Win32
		{0C2DDE5A-B979-4A63-8935-0958DB2F5803}.Release|x86.Build.0 = Release|Win32
	EndGlobalSection
	GlobalSection(SolutionProperties) = preSolution
		HideSolutionNode = FALSE
	EndGlobalSection
	GlobalSection(ExtensibilityGlobals) = postSolution
		SolutionGuid = {011B076B-40B1-4B2A-816D-4601F9FCF2E2}
	EndGlobalSection
EndGlobal
